
Microsoft Visual Studio Solution File, Format Version 12.00
# Visual Studio Version 17
VisualStudioVersion = 17.1.32210.238
MinimumVisualStudioVersion = 10.0.40219.1
Project("{FAE04EC0-301F-11D3-BF4B-00C04F79EFBC}") = "gym-app-backend", "gym-app-backend\gym-app-backend.csproj", "{DCBD3F13-698A-49D9-BFA0-BA592B4F0114}"
EndProject
Global
	GlobalSection(SolutionConfigurationPlatforms) = preSolution
		Debug|Any CPU = Debug|Any CPU
		Release|Any CPU = Release|Any CPU
	EndGlobalSection
	GlobalSection(ProjectConfigurationPlatforms) = postSolution
		{DCBD3F13-698A-49D9-BFA0-BA592B4F0114}.Debug|Any CPU.ActiveCfg = Debug|Any CPU
		{DCBD3F13-698A-49D9-BFA0-BA592B4F0114}.Debug|Any CPU.Build.0 = Debug|Any CPU
		{DCBD3F13-698A-49D9-BFA0-BA592B4F0114}.Release|Any CPU.ActiveCfg = Release|Any CPU
		{DCBD3F13-698A-49D9-BFA0-BA592B4F0114}.Release|Any CPU.Build.0 = Release|Any CPU
	EndGlobalSection
	GlobalSection(SolutionProperties) = preSolution
		HideSolutionNode = FALSE
	EndGlobalSection
	GlobalSection(ExtensibilityGlobals) = postSolution
		SolutionGuid = {CF7FB48C-6474-4CB4-BB0D-F07139F7BC63}
	EndGlobalSection
EndGlobal
